
Microsoft Visual Studio Solution File, Format Version 12.00
# Visual Studio Version 17
VisualStudioVersion = 17.0.32112.339
MinimumVisualStudioVersion = 10.0.40219.1
Project("{FAE04EC0-301F-11D3-BF4B-00C04F79EFBC}") = "BeYouCRUD", "BeYouCRUD\BeYouCRUD.csproj", "{6079AAAE-AFDC-4BDC-A94E-A599B19817E6}"
EndProject
Global
	GlobalSection(SolutionConfigurationPlatforms) = preSolution
		Debug|Any CPU = Debug|Any CPU
		Release|Any CPU = Release|Any CPU
	EndGlobalSection
	GlobalSection(ProjectConfigurationPlatforms) = postSolution
		{6079AAAE-AFDC-4BDC-A94E-A599B19817E6}.Debug|Any CPU.ActiveCfg = Debug|Any CPU
		{6079AAAE-AFDC-4BDC-A94E-A599B19817E6}.Debug|Any CPU.Build.0 = Debug|Any CPU
		{6079AAAE-AFDC-4BDC-A94E-A599B19817E6}.Release|Any CPU.ActiveCfg = Release|Any CPU
		{6079AAAE-AFDC-4BDC-A94E-A599B19817E6}.Release|Any CPU.Build.0 = Release|Any CPU
	EndGlobalSection
	GlobalSection(SolutionProperties) = preSolution
		HideSolutionNode = FALSE
	EndGlobalSection
	GlobalSection(ExtensibilityGlobals) = postSolution
		SolutionGuid = {977A05A8-64B3-481B-B746-454FFFFA6374}
	EndGlobalSection
EndGlobal
